
Microsoft Visual Studio Solution File, Format Version 11.00
# Visual Studio 2010
Project("{FAE04EC0-301F-11D3-BF4B-00C04F79EFBC}") = "Assembly-CSharp", "Assembly-CSharp.csproj", "{18CB4255-9D25-BB0C-412D-662C075BD38E}"
EndProject
Global
	GlobalSection(SolutionConfigurationPlatforms) = preSolution
		Debug|Any CPU = Debug|Any CPU
		Release|Any CPU = Release|Any CPU
	EndGlobalSection
	GlobalSection(ProjectConfigurationPlatforms) = postSolution
		{18CB4255-9D25-BB0C-412D-662C075BD38E}.Debug|Any CPU.ActiveCfg = Debug|Any CPU
		{18CB4255-9D25-BB0C-412D-662C075BD38E}.Debug|Any CPU.Build.0 = Debug|Any CPU
		{18CB4255-9D25-BB0C-412D-662C075BD38E}.Release|Any CPU.ActiveCfg = Release|Any CPU
		{18CB4255-9D25-BB0C-412D-662C075BD38E}.Release|Any CPU.Build.0 = Release|Any CPU
	EndGlobalSection
	GlobalSection(SolutionProperties) = preSolution
		HideSolutionNode = FALSE
	EndGlobalSection
EndGlobal
